
Microsoft Visual Studio Solution File, Format Version 12.00
# Visual Studio Version 17
VisualStudioVersion = 17.2.32630.192
MinimumVisualStudioVersion = 10.0.40219.1
Project("{9A19103F-16F7-4668-BE54-9A1E7A4F7556}") = "HIDDevices", "HIDDevices\HIDDevices.csproj", "{5BE3CAC9-DB63-4A23-869E-9A97B8B5E6ED}"
EndProject
Project("{9A19103F-16F7-4668-BE54-9A1E7A4F7556}") = "HIDDevices.Test", "HIDDevices.Test\HIDDevices.Test.csproj", "{95729392-466B-4985-8803-96AFA24F580E}"
EndProject
Project("{2150E333-8FDC-42A3-9474-1A3956D46DE8}") = "Solution Items", "Solution Items", "{B4EC1C09-398A-4952-9937-2092FFAB70F2}"
	ProjectSection(SolutionItems) = preProject
		.editorconfig = .editorconfig
		DevDecoder Icon.png = DevDecoder Icon.png
		LICENSE.txt = LICENSE.txt
		HIDUsageTablesPDF.url = HIDUsageTablesPDF.url
		NOTICE.txt = NOTICE.txt
		.github\workflows\publish.yml = .github\workflows\publish.yml
		.github\workflows\validatepullrequest.yml = .github\workflows\validatepullrequest.yml
		version.json = version.json
	EndProjectSection
EndProject
Project("{9A19103F-16F7-4668-BE54-9A1E7A4F7556}") = "HIDDevices.Sample", "HIDDevices.Sample\HIDDevices.Sample.csproj", "{0E520169-5E25-43C5-BFD3-53FA4D4FF190}"
EndProject
Project("{9A19103F-16F7-4668-BE54-9A1E7A4F7556}") = "HIDDevices.Generator", "HIDDevices.Generator\HIDDevices.Generator.csproj", "{9C8AD226-E52C-411E-9F05-1211754EEBDC}"
EndProject
Project("{FAE04EC0-301F-11D3-BF4B-00C04F79EFBC}") = "HIDDevices.Usages", "HIDDevices.Usages\HIDDevices.Usages.csproj", "{A23FD533-C040-421E-977C-6F083AB3E182}"
EndProject
Global
	GlobalSection(SolutionConfigurationPlatforms) = preSolution
		Debug|Any CPU = Debug|Any CPU
		GenerateFromCache|Any CPU = GenerateFromCache|Any CPU
		GenerateFromSource|Any CPU = GenerateFromSource|Any CPU
		Release|Any CPU = Release|Any CPU
	EndGlobalSection
	GlobalSection(ProjectConfigurationPlatforms) = postSolution
		{5BE3CAC9-DB63-4A23-869E-9A97B8B5E6ED}.Debug|Any CPU.ActiveCfg = Debug|Any CPU
		{5BE3CAC9-DB63-4A23-869E-9A97B8B5E6ED}.Debug|Any CPU.Build.0 = Debug|Any CPU
		{5BE3CAC9-DB63-4A23-869E-9A97B8B5E6ED}.GenerateFromCache|Any CPU.ActiveCfg = GenerateFromCache|Any CPU
		{5BE3CAC9-DB63-4A23-869E-9A97B8B5E6ED}.GenerateFromSource|Any CPU.ActiveCfg = GenerateFromSource|Any CPU
		{5BE3CAC9-DB63-4A23-869E-9A97B8B5E6ED}.Release|Any CPU.ActiveCfg = Release|Any CPU
		{5BE3CAC9-DB63-4A23-869E-9A97B8B5E6ED}.Release|Any CPU.Build.0 = Release|Any CPU
		{95729392-466B-4985-8803-96AFA24F580E}.Debug|Any CPU.ActiveCfg = Debug|Any CPU
		{95729392-466B-4985-8803-96AFA24F580E}.Debug|Any CPU.Build.0 = Debug|Any CPU
		{95729392-466B-4985-8803-96AFA24F580E}.GenerateFromCache|Any CPU.ActiveCfg = GenerateFromCache|Any CPU
		{95729392-466B-4985-8803-96AFA24F580E}.GenerateFromSource|Any CPU.ActiveCfg = GenerateFromSource|Any CPU
		{95729392-466B-4985-8803-96AFA24F580E}.Release|Any CPU.ActiveCfg = Release|Any CPU
		{95729392-466B-4985-8803-96AFA24F580E}.Release|Any CPU.Build.0 = Release|Any CPU
		{0E520169-5E25-43C5-BFD3-53FA4D4FF190}.Debug|Any CPU.ActiveCfg = Debug|Any CPU
		{0E520169-5E25-43C5-BFD3-53FA4D4FF190}.Debug|Any CPU.Build.0 = Debug|Any CPU
		{0E520169-5E25-43C5-BFD3-53FA4D4FF190}.GenerateFromCache|Any CPU.ActiveCfg = GenerateFromCache|Any CPU
		{0E520169-5E25-43C5-BFD3-53FA4D4FF190}.GenerateFromSource|Any CPU.ActiveCfg = GenerateFromSource|Any CPU
		{0E520169-5E25-43C5-BFD3-53FA4D4FF190}.Release|Any CPU.ActiveCfg = Release|Any CPU
		{0E520169-5E25-43C5-BFD3-53FA4D4FF190}.Release|Any CPU.Build.0 = Release|Any CPU
		{9C8AD226-E52C-411E-9F05-1211754EEBDC}.Debug|Any CPU.ActiveCfg = Debug|Any CPU
		{9C8AD226-E52C-411E-9F05-1211754EEBDC}.GenerateFromCache|Any CPU.ActiveCfg = GenerateFromCache|Any CPU
		{9C8AD226-E52C-411E-9F05-1211754EEBDC}.GenerateFromCache|Any CPU.Build.0 = GenerateFromCache|Any CPU
		{9C8AD226-E52C-411E-9F05-1211754EEBDC}.GenerateFromSource|Any CPU.ActiveCfg = GenerateFromSource|Any CPU
		{9C8AD226-E52C-411E-9F05-1211754EEBDC}.GenerateFromSource|Any CPU.Build.0 = GenerateFromSource|Any CPU
		{9C8AD226-E52C-411E-9F05-1211754EEBDC}.Release|Any CPU.ActiveCfg = Release|Any CPU
		{A23FD533-C040-421E-977C-6F083AB3E182}.Debug|Any CPU.ActiveCfg = Debug|Any CPU
		{A23FD533-C040-421E-977C-6F083AB3E182}.Debug|Any CPU.Build.0 = Debug|Any CPU
		{A23FD533-C040-421E-977C-6F083AB3E182}.GenerateFromCache|Any CPU.ActiveCfg = GenerateFromCache|Any CPU
		{A23FD533-C040-421E-977C-6F083AB3E182}.GenerateFromCache|Any CPU.Build.0 = GenerateFromCache|Any CPU
		{A23FD533-C040-421E-977C-6F083AB3E182}.GenerateFromSource|Any CPU.ActiveCfg = GenerateFromSource|Any CPU
		{A23FD533-C040-421E-977C-6F083AB3E182}.GenerateFromSource|Any CPU.Build.0 = GenerateFromSource|Any CPU
		{A23FD533-C040-421E-977C-6F083AB3E182}.Release|Any CPU.ActiveCfg = Release|Any CPU
		{A23FD533-C040-421E-977C-6F083AB3E182}.Release|Any CPU.Build.0 = Release|Any CPU
	EndGlobalSection
	GlobalSection(SolutionProperties) = preSolution
		HideSolutionNode = FALSE
	EndGlobalSection
	GlobalSection(ExtensibilityGlobals) = postSolution
		SolutionGuid = {2BAF9F91-9982-4216-A784-7E6F34DD9E9D}
	EndGlobalSection
EndGlobal
